
Microsoft Visual Studio Solution File, Format Version 12.00
# Visual Studio Version 16
VisualStudioVersion = 16.0.34031.81
MinimumVisualStudioVersion = 10.0.40219.1
Project("{2150E333-8FDC-42A3-9474-1A3956D46DE8}") = "Task0", "Task0", "{C3BB17A8-94E1-415F-AC19-649024B09954}"
EndProject
Project("{FAE04EC0-301F-11D3-BF4B-00C04F79EFBC}") = "Tyuiu.ShananinaVV.Sprint1.Task0.V19", "Tyuiu.ShananinaVV.Sprint1.Task0.V19\Tyuiu.ShananinaVV.Sprint1.Task0.V19.csproj", "{88B60A1C-64ED-4726-9741-DBE153B4F63C}"
EndProject
Project("{FAE04EC0-301F-11D3-BF4B-00C04F79EFBC}") = "Tyuiu.ShananinaVV.Sprint1.Task0.V19.Lib", "Tyuiu.ShananinaVV.Sprint1.Task0.V19.Lib\Tyuiu.ShananinaVV.Sprint1.Task0.V19.Lib.csproj", "{1A15B9B3-3141-432A-A180-E283D27ABAE5}"
EndProject
Project("{FAE04EC0-301F-11D3-BF4B-00C04F79EFBC}") = "Tyuiu.ShananinaVV.Sprint1.Task0.V19.Test", "Tyuiu.ShananinaVV.Sprint1.Task0.V19.Test\Tyuiu.ShananinaVV.Sprint1.Task0.V19.Test.csproj", "{039DC79A-8283-45C3-AC69-C400259D11F3}"
EndProject
Project("{2150E333-8FDC-42A3-9474-1A3956D46DE8}") = "Task1", "Task1", "{8645907C-33B0-4934-9502-BA55346EFEAD}"
EndProject
Project("{FAE04EC0-301F-11D3-BF4B-00C04F79EFBC}") = "Tyuiu.ShananinaVV.Sprint1.Task1.V24", "Tyuiu.ShananinaVV.Sprint1.Task1.V24\Tyuiu.ShananinaVV.Sprint1.Task1.V24.csproj", "{48F48D02-D0B0-4BCF-AFB0-CB8506FEB520}"
EndProject
Project("{FAE04EC0-301F-11D3-BF4B-00C04F79EFBC}") = "Tyuiu.ShananinaVV.Sprint1.Task1.V24.Lib", "Tyuiu.ShananinaVV.Sprint1.Task1.V24.Lib\Tyuiu.ShananinaVV.Sprint1.Task1.V24.Lib.csproj", "{CED91A06-4CE0-484E-B51E-4B8DE75C64BA}"
EndProject
Project("{FAE04EC0-301F-11D3-BF4B-00C04F79EFBC}") = "Tyuiu.ShananinaVV.Sprint1.Task1.V24.Test", "Tyuiu.ShananinaVV.Sprint1.Task1.V24.Test\Tyuiu.ShananinaVV.Sprint1.Task1.V24.Test.csproj", "{568D0977-60A3-4CC9-9BAF-EACC05D57CB3}"
EndProject
Project("{2150E333-8FDC-42A3-9474-1A3956D46DE8}") = "Task2", "Task2", "{96D97249-A619-4BAC-93B2-EA4237D7F7B7}"
EndProject
Project("{FAE04EC0-301F-11D3-BF4B-00C04F79EFBC}") = "Tyuiu.ShananinaVV.Sprint1.Task2.V18", "Tyuiu.ShananinaVV.Sprint1.Task2.V18\Tyuiu.ShananinaVV.Sprint1.Task2.V18.csproj", "{F751714F-A395-45A1-B9DC-3BEAD64B0877}"
EndProject
Project("{FAE04EC0-301F-11D3-BF4B-00C04F79EFBC}") = "Tyuiu.ShananinaVV.Sprint1.Task2.V18.Lib", "Tyuiu.ShananinaVV.Sprint1.Task2.V18.Lib\Tyuiu.ShananinaVV.Sprint1.Task2.V18.Lib.csproj", "{4ACF3D31-004C-46C6-8F9A-0F6BC8A2FF27}"
EndProject
Project("{FAE04EC0-301F-11D3-BF4B-00C04F79EFBC}") = "Tyuiu.ShananinaVV.Sprint1.Task2.V18.Test", "Tyuiu.ShananinaVV.Sprint1.Task2.V18.Test\Tyuiu.ShananinaVV.Sprint1.Task2.V18.Test.csproj", "{7661CD9B-6869-4B70-9577-07DC666B6EDD}"
EndProject
Project("{2150E333-8FDC-42A3-9474-1A3956D46DE8}") = "Task3", "Task3", "{8371D384-315D-4DFB-A9E2-C2CA478B6A6D}"
EndProject
Project("{FAE04EC0-301F-11D3-BF4B-00C04F79EFBC}") = "Tyuiu.ShananinaVV.Sprint1.Task3.V15", "Tyuiu.ShananinaVV.Sprint1.Task3.V15\Tyuiu.ShananinaVV.Sprint1.Task3.V15.csproj", "{1AD6042A-0532-4D0F-BFFE-1F4BEF0E0716}"
EndProject
Project("{FAE04EC0-301F-11D3-BF4B-00C04F79EFBC}") = "Tyuiu.ShananinaVV.Sprint1.Task3.V15.Lib", "Tyuiu.ShananinaVV.Sprint1.Task3.V15.Lib\Tyuiu.ShananinaVV.Sprint1.Task3.V15.Lib.csproj", "{C5899F90-FF55-4581-BF76-CAB05CD26FC6}"
EndProject
Project("{FAE04EC0-301F-11D3-BF4B-00C04F79EFBC}") = "Tyuiu.ShananinaVV.Sprint1.Task3.V15.Test", "Tyuiu.ShananinaVV.Sprint1.Task3.V15.Test\Tyuiu.ShananinaVV.Sprint1.Task3.V15.Test.csproj", "{1583A0B3-FCE4-4E76-9F89-1863EC4FEBDA}"
EndProject
Global
	GlobalSection(SolutionConfigurationPlatforms) = preSolution
		Debug|Any CPU = Debug|Any CPU
		Release|Any CPU = Release|Any CPU
	EndGlobalSection
	GlobalSection(ProjectConfigurationPlatforms) = postSolution
		{88B60A1C-64ED-4726-9741-DBE153B4F63C}.Debug|Any CPU.ActiveCfg = Debug|Any CPU
		{88B60A1C-64ED-4726-9741-DBE153B4F63C}.Debug|Any CPU.Build.0 = Debug|Any CPU
		{88B60A1C-64ED-4726-9741-DBE153B4F63C}.Release|Any CPU.ActiveCfg = Release|Any CPU
		{88B60A1C-64ED-4726-9741-DBE153B4F63C}.Release|Any CPU.Build.0 = Release|Any CPU
		{1A15B9B3-3141-432A-A180-E283D27ABAE5}.Debug|Any CPU.ActiveCfg = Debug|Any CPU
		{1A15B9B3-3141-432A-A180-E283D27ABAE5}.Debug|Any CPU.Build.0 = Debug|Any CPU
		{1A15B9B3-3141-432A-A180-E283D27ABAE5}.Release|Any CPU.ActiveCfg = Release|Any CPU
		{1A15B9B3-3141-432A-A180-E283D27ABAE5}.Release|Any CPU.Build.0 = Release|Any CPU
		{039DC79A-8283-45C3-AC69-C400259D11F3}.Debug|Any CPU.ActiveCfg = Debug|Any CPU
		{039DC79A-8283-45C3-AC69-C400259D11F3}.Debug|Any CPU.Build.0 = Debug|Any CPU
		{039DC79A-8283-45C3-AC69-C400259D11F3}.Release|Any CPU.ActiveCfg = Release|Any CPU
		{039DC79A-8283-45C3-AC69-C400259D11F3}.Release|Any CPU.Build.0 = Release|Any CPU
		{48F48D02-D0B0-4BCF-AFB0-CB8506FEB520}.Debug|Any CPU.ActiveCfg = Debug|Any CPU
		{48F48D02-D0B0-4BCF-AFB0-CB8506FEB520}.Debug|Any CPU.Build.0 = Debug|Any CPU
		{48F48D02-D0B0-4BCF-AFB0-CB8506FEB520}.Release|Any CPU.ActiveCfg = Release|Any CPU
		{48F48D02-D0B0-4BCF-AFB0-CB8506FEB520}.Release|Any CPU.Build.0 = Release|Any CPU
		{CED91A06-4CE0-484E-B51E-4B8DE75C64BA}.Debug|Any CPU.ActiveCfg = Debug|Any CPU
		{CED91A06-4CE0-484E-B51E-4B8DE75C64BA}.Debug|Any CPU.Build.0 = Debug|Any CPU
		{CED91A06-4CE0-484E-B51E-4B8DE75C64BA}.Release|Any CPU.ActiveCfg = Release|Any CPU
		{CED91A06-4CE0-484E-B51E-4B8DE75C64BA}.Release|Any CPU.Build.0 = Release|Any CPU
		{568D0977-60A3-4CC9-9BAF-EACC05D57CB3}.Debug|Any CPU.ActiveCfg = Debug|Any CPU
		{568D0977-60A3-4CC9-9BAF-EACC05D57CB3}.Debug|Any CPU.Build.0 = Debug|Any CPU
		{568D0977-60A3-4CC9-9BAF-EACC05D57CB3}.Release|Any CPU.ActiveCfg = Release|Any CPU
		{568D0977-60A3-4CC9-9BAF-EACC05D57CB3}.Release|Any CPU.Build.0 = Release|Any CPU
		{F751714F-A395-45A1-B9DC-3BEAD64B0877}.Debug|Any CPU.ActiveCfg = Debug|Any CPU
		{F751714F-A395-45A1-B9DC-3BEAD64B0877}.Debug|Any CPU.Build.0 = Debug|Any CPU
		{F751714F-A395-45A1-B9DC-3BEAD64B0877}.Release|Any CPU.ActiveCfg = Release|Any CPU
		{F751714F-A395-45A1-B9DC-3BEAD64B0877}.Release|Any CPU.Build.0 = Release|Any CPU
		{4ACF3D31-004C-46C6-8F9A-0F6BC8A2FF27}.Debug|Any CPU.ActiveCfg = Debug|Any CPU
		{4ACF3D31-004C-46C6-8F9A-0F6BC8A2FF27}.Debug|Any CPU.Build.0 = Debug|Any CPU
		{4ACF3D31-004C-46C6-8F9A-0F6BC8A2FF27}.Release|Any CPU.ActiveCfg = Release|Any CPU
		{4ACF3D31-004C-46C6-8F9A-0F6BC8A2FF27}.Release|Any CPU.Build.0 = Release|Any CPU
		{7661CD9B-6869-4B70-9577-07DC666B6EDD}.Debug|Any CPU.ActiveCfg = Debug|Any CPU
		{7661CD9B-6869-4B70-9577-07DC666B6EDD}.Debug|Any CPU.Build.0 = Debug|Any CPU
		{7661CD9B-6869-4B70-9577-07DC666B6EDD}.Release|Any CPU.ActiveCfg = Release|Any CPU
		{7661CD9B-6869-4B70-9577-07DC666B6EDD}.Release|Any CPU.Build.0 = Release|Any CPU
		{1AD6042A-0532-4D0F-BFFE-1F4BEF0E0716}.Debug|Any CPU.ActiveCfg = Debug|Any CPU
		{1AD6042A-0532-4D0F-BFFE-1F4BEF0E0716}.Debug|Any CPU.Build.0 = Debug|Any CPU
		{1AD6042A-0532-4D0F-BFFE-1F4BEF0E0716}.Release|Any CPU.ActiveCfg = Release|Any CPU
		{1AD6042A-0532-4D0F-BFFE-1F4BEF0E0716}.Release|Any CPU.Build.0 = Release|Any CPU
		{C5899F90-FF55-4581-BF76-CAB05CD26FC6}.Debug|Any CPU.ActiveCfg = Debug|Any CPU
		{C5899F90-FF55-4581-BF76-CAB05CD26FC6}.Debug|Any CPU.Build.0 = Debug|Any CPU
		{C5899F90-FF55-4581-BF76-CAB05CD26FC6}.Release|Any CPU.ActiveCfg = Release|Any CPU
		{C5899F90-FF55-4581-BF76-CAB05CD26FC6}.Release|Any CPU.Build.0 = Release|Any CPU
		{1583A0B3-FCE4-4E76-9F89-1863EC4FEBDA}.Debug|Any CPU.ActiveCfg = Debug|Any CPU
		{1583A0B3-FCE4-4E76-9F89-1863EC4FEBDA}.Debug|Any CPU.Build.0 = Debug|Any CPU
		{1583A0B3-FCE4-4E76-9F89-1863EC4FEBDA}.Release|Any CPU.ActiveCfg = Release|Any CPU
		{1583A0B3-FCE4-4E76-9F89-1863EC4FEBDA}.Release|Any CPU.Build.0 = Release|Any CPU
	EndGlobalSection
	GlobalSection(SolutionProperties) = preSolution
		HideSolutionNode = FALSE
	EndGlobalSection
	GlobalSection(NestedProjects) = preSolution
		{88B60A1C-64ED-4726-9741-DBE153B4F63C} = {C3BB17A8-94E1-415F-AC19-649024B09954}
		{1A15B9B3-3141-432A-A180-E283D27ABAE5} = {C3BB17A8-94E1-415F-AC19-649024B09954}
		{039DC79A-8283-45C3-AC69-C400259D11F3} = {C3BB17A8-94E1-415F-AC19-649024B09954}
		{48F48D02-D0B0-4BCF-AFB0-CB8506FEB520} = {8645907C-33B0-4934-9502-BA55346EFEAD}
		{CED91A06-4CE0-484E-B51E-4B8DE75C64BA} = {8645907C-33B0-4934-9502-BA55346EFEAD}
		{568D0977-60A3-4CC9-9BAF-EACC05D57CB3} = {8645907C-33B0-4934-9502-BA55346EFEAD}
		{F751714F-A395-45A1-B9DC-3BEAD64B0877} = {96D97249-A619-4BAC-93B2-EA4237D7F7B7}
		{4ACF3D31-004C-46C6-8F9A-0F6BC8A2FF27} = {96D97249-A619-4BAC-93B2-EA4237D7F7B7}
		{7661CD9B-6869-4B70-9577-07DC666B6EDD} = {96D97249-A619-4BAC-93B2-EA4237D7F7B7}
		{1AD6042A-0532-4D0F-BFFE-1F4BEF0E0716} = {8371D384-315D-4DFB-A9E2-C2CA478B6A6D}
		{C5899F90-FF55-4581-BF76-CAB05CD26FC6} = {8371D384-315D-4DFB-A9E2-C2CA478B6A6D}
		{1583A0B3-FCE4-4E76-9F89-1863EC4FEBDA} = {8371D384-315D-4DFB-A9E2-C2CA478B6A6D}
	EndGlobalSection
	GlobalSection(ExtensibilityGlobals) = postSolution
		SolutionGuid = {39F6CF70-D688-45D7-BB58-B92C56017D29}
	EndGlobalSection
EndGlobal
